// !$*UTF8*$!
{
	archiveVersion = 1;
	classes = {
	};
	objectVersion = 46;
	objects = {

/* Begin PBXBuildFile section */
		3F3551162042ADB200DDBAD5 /* TableViewController.swift in Sources */ = {isa = PBXBuildFile; fileRef = 3F3551152042ADB200DDBAD5 /* TableViewController.swift */; };
		3F4F324F1DF00D8300BD01CA /* s3.jpg in Resources */ = {isa = PBXBuildFile; fileRef = 3F4F324E1DF00D8300BD01CA /* s3.jpg */; };
		3F4F4C221FBECD3900675D92 /* LLImagePageControl.swift in Sources */ = {isa = PBXBuildFile; fileRef = 3F4F4C211FBECD3900675D92 /* LLImagePageControl.swift */; };
		3F56C0EA1DE4404600904CF8 /* AppDelegate.swift in Sources */ = {isa = PBXBuildFile; fileRef = 3F56C0E91DE4404600904CF8 /* AppDelegate.swift */; };
		3F56C0EC1DE4404600904CF8 /* ViewController.swift in Sources */ = {isa = PBXBuildFile; fileRef = 3F56C0EB1DE4404600904CF8 /* ViewController.swift */; };
		3F56C0EF1DE4404600904CF8 /* Main.storyboard in Resources */ = {isa = PBXBuildFile; fileRef = 3F56C0ED1DE4404600904CF8 /* Main.storyboard */; };
		3F56C0F11DE4404600904CF8 /* Assets.xcassets in Resources */ = {isa = PBXBuildFile; fileRef = 3F56C0F01DE4404600904CF8 /* Assets.xcassets */; };
		3F56C0F41DE4404600904CF8 /* LaunchScreen.storyboard in Resources */ = {isa = PBXBuildFile; fileRef = 3F56C0F21DE4404600904CF8 /* LaunchScreen.storyboard */; };
		3F56C10A1DE4418900904CF8 /* LLViewExtensions.swift in Sources */ = {isa = PBXBuildFile; fileRef = 3F56C1091DE4418900904CF8 /* LLViewExtensions.swift */; };
		3F56C10C1DE4428900904CF8 /* LLCycleScrollView.swift in Sources */ = {isa = PBXBuildFile; fileRef = 3F56C10B1DE4428900904CF8 /* LLCycleScrollView.swift */; };
		3F56C10E1DE44F1800904CF8 /* LLCycleScrollViewCell.swift in Sources */ = {isa = PBXBuildFile; fileRef = 3F56C10D1DE44F1800904CF8 /* LLCycleScrollViewCell.swift */; };
		3F8A78491DEBD8890076B482 /* LLFilledPageControl.swift in Sources */ = {isa = PBXBuildFile; fileRef = 3F8A78461DEBD8890076B482 /* LLFilledPageControl.swift */; };
		3F8A784A1DEBD8890076B482 /* LLPillPageControl.swift in Sources */ = {isa = PBXBuildFile; fileRef = 3F8A78471DEBD8890076B482 /* LLPillPageControl.swift */; };
		3F8A784B1DEBD8890076B482 /* LLSnakePageControl.swift in Sources */ = {isa = PBXBuildFile; fileRef = 3F8A78481DEBD8890076B482 /* LLSnakePageControl.swift */; };
		3FAA674E1DE568F7005DE6BE /* LLCycleScrollView.bundle in Resources */ = {isa = PBXBuildFile; fileRef = 3FAA674D1DE568F7005DE6BE /* LLCycleScrollView.bundle */; };
		BEEEB05FCD6E3BDA7F685CE3 /* Pods_LLCycleScrollView.framework in Frameworks */ = {isa = PBXBuildFile; fileRef = BD792C2CC145BEFF068D66D8 /* Pods_LLCycleScrollView.framework */; };
/* End PBXBuildFile section */

/* Begin PBXFileReference section */
		085005A18ED5CF81F14F7B79 /* Pods-LLCycleScrollView.release.xcconfig */ = {isa = PBXFileReference; includeInIndex = 1; lastKnownFileType = text.xcconfig; name = "Pods-LLCycleScrollView.release.xcconfig"; path = "Pods/Target Support Files/Pods-LLCycleScrollView/Pods-LLCycleScrollView.release.xcconfig"; sourceTree = "<group>"; };
		3F3551152042ADB200DDBAD5 /* TableViewController.swift */ = {isa = PBXFileReference; lastKnownFileType = sourcecode.swift; path = TableViewController.swift; sourceTree = "<group>"; };
		3F4F324E1DF00D8300BD01CA /* s3.jpg */ = {isa = PBXFileReference; lastKnownFileType = image.jpeg; path = s3.jpg; sourceTree = "<group>"; };
		3F4F4C211FBECD3900675D92 /* LLImagePageControl.swift */ = {isa = PBXFileReference; lastKnownFileType = sourcecode.swift; path = LLImagePageControl.swift; sourceTree = "<group>"; };
		3F56C0E61DE4404600904CF8 /* LLCycleScrollView.app */ = {isa = PBXFileReference; explicitFileType = wrapper.application; includeInIndex = 0; path = LLCycleScrollView.app; sourceTree = BUILT_PRODUCTS_DIR; };
		3F56C0E91DE4404600904CF8 /* AppDelegate.swift */ = {isa = PBXFileReference; lastKnownFileType = sourcecode.swift; path = AppDelegate.swift; sourceTree = "<group>"; };
		3F56C0EB1DE4404600904CF8 /* ViewController.swift */ = {isa = PBXFileReference; lastKnownFileType = sourcecode.swift; path = ViewController.swift; sourceTree = "<group>"; };
		3F56C0EE1DE4404600904CF8 /* Base */ = {isa = PBXFileReference; lastKnownFileType = file.storyboard; name = Base; path = Base.lproj/Main.storyboard; sourceTree = "<group>"; };
		3F56C0F01DE4404600904CF8 /* Assets.xcassets */ = {isa = PBXFileReference; lastKnownFileType = folder.assetcatalog; path = Assets.xcassets; sourceTree = "<group>"; };
		3F56C0F31DE4404600904CF8 /* Base */ = {isa = PBXFileReference; lastKnownFileType = file.storyboard; name = Base; path = Base.lproj/LaunchScreen.storyboard; sourceTree = "<group>"; };
		3F56C0F51DE4404600904CF8 /* Info.plist */ = {isa = PBXFileReference; lastKnownFileType = text.plist.xml; path = Info.plist; sourceTree = "<group>"; };
		3F56C1091DE4418900904CF8 /* LLViewExtensions.swift */ = {isa = PBXFileReference; fileEncoding = 4; lastKnownFileType = sourcecode.swift; path = LLViewExtensions.swift; sourceTree = "<group>"; };
		3F56C10B1DE4428900904CF8 /* LLCycleScrollView.swift */ = {isa = PBXFileReference; fileEncoding = 4; lastKnownFileType = sourcecode.swift; path = LLCycleScrollView.swift; sourceTree = "<group>"; };
		3F56C10D1DE44F1800904CF8 /* LLCycleScrollViewCell.swift */ = {isa = PBXFileReference; fileEncoding = 4; lastKnownFileType = sourcecode.swift; path = LLCycleScrollViewCell.swift; sourceTree = "<group>"; };
		3F8A78461DEBD8890076B482 /* LLFilledPageControl.swift */ = {isa = PBXFileReference; fileEncoding = 4; lastKnownFileType = sourcecode.swift; path = LLFilledPageControl.swift; sourceTree = "<group>"; };
		3F8A78471DEBD8890076B482 /* LLPillPageControl.swift */ = {isa = PBXFileReference; fileEncoding = 4; lastKnownFileType = sourcecode.swift; path = LLPillPageControl.swift; sourceTree = "<group>"; };
		3F8A78481DEBD8890076B482 /* LLSnakePageControl.swift */ = {isa = PBXFileReference; fileEncoding = 4; lastKnownFileType = sourcecode.swift; path = LLSnakePageControl.swift; sourceTree = "<group>"; };
		3FAA674D1DE568F7005DE6BE /* LLCycleScrollView.bundle */ = {isa = PBXFileReference; lastKnownFileType = "wrapper.plug-in"; path = LLCycleScrollView.bundle; sourceTree = "<group>"; };
		ABACABAC0CB22999D0823E66 /* Pods-LLCycleScrollView.debug.xcconfig */ = {isa = PBXFileReference; includeInIndex = 1; lastKnownFileType = text.xcconfig; name = "Pods-LLCycleScrollView.debug.xcconfig"; path = "Pods/Target Support Files/Pods-LLCycleScrollView/Pods-LLCycleScrollView.debug.xcconfig"; sourceTree = "<group>"; };
		BD792C2CC145BEFF068D66D8 /* Pods_LLCycleScrollView.framework */ = {isa = PBXFileReference; explicitFileType = wrapper.framework; includeInIndex = 0; path = Pods_LLCycleScrollView.framework; sourceTree = BUILT_PRODUCTS_DIR; };
/* End PBXFileReference section */

/* Begin PBXFrameworksBuildPhase section */
		3F56C0E31DE4404600904CF8 /* Frameworks */ = {
			isa = PBXFrameworksBuildPhase;
			buildActionMask = 2147483647;
			files = (
				BEEEB05FCD6E3BDA7F685CE3 /* Pods_LLCycleScrollView.framework in Frameworks */,
			);
			runOnlyForDeploymentPostprocessing = 0;
		};
/* End PBXFrameworksBuildPhase section */

/* Begin PBXGroup section */
		01730C74D89045BC3AD187DC /* Frameworks */ = {
			isa = PBXGroup;
			children = (
				BD792C2CC145BEFF068D66D8 /* Pods_LLCycleScrollView.framework */,
			);
			name = Frameworks;
			sourceTree = "<group>";
		};
		3F56C0DD1DE4404500904CF8 = {
			isa = PBXGroup;
			children = (
				3F56C0FB1DE4406E00904CF8 /* Lib */,
				3F56C0E81DE4404600904CF8 /* LLCycleScrollView */,
				3F56C0E71DE4404600904CF8 /* Products */,
				F12B1532C1600BAC2D195750 /* Pods */,
				01730C74D89045BC3AD187DC /* Frameworks */,
			);
			sourceTree = "<group>";
		};
		3F56C0E71DE4404600904CF8 /* Products */ = {
			isa = PBXGroup;
			children = (
				3F56C0E61DE4404600904CF8 /* LLCycleScrollView.app */,
			);
			name = Products;
			sourceTree = "<group>";
		};
		3F56C0E81DE4404600904CF8 /* LLCycleScrollView */ = {
			isa = PBXGroup;
			children = (
				3F56C0E91DE4404600904CF8 /* AppDelegate.swift */,
				3F56C0EB1DE4404600904CF8 /* ViewController.swift */,
				3F3551152042ADB200DDBAD5 /* TableViewController.swift */,
				3F56C0ED1DE4404600904CF8 /* Main.storyboard */,
				3F56C0F01DE4404600904CF8 /* Assets.xcassets */,
				3F56C0F21DE4404600904CF8 /* LaunchScreen.storyboard */,
				3F56C0F51DE4404600904CF8 /* Info.plist */,
				3F4F324E1DF00D8300BD01CA /* s3.jpg */,
			);
			path = LLCycleScrollView;
			sourceTree = "<group>";
		};
		3F56C0FB1DE4406E00904CF8 /* Lib */ = {
			isa = PBXGroup;
			children = (
				3F56C0FC1DE4408B00904CF8 /* LLCycleScrollView */,
				3FAA674D1DE568F7005DE6BE /* LLCycleScrollView.bundle */,
			);
			path = Lib;
			sourceTree = "<group>";
		};
		3F56C0FC1DE4408B00904CF8 /* LLCycleScrollView */ = {
			isa = PBXGroup;
			children = (
				3F56C10D1DE44F1800904CF8 /* LLCycleScrollViewCell.swift */,
				3F56C10B1DE4428900904CF8 /* LLCycleScrollView.swift */,
				3F56C1091DE4418900904CF8 /* LLViewExtensions.swift */,
				3F8A78461DEBD8890076B482 /* LLFilledPageControl.swift */,
				3F8A78471DEBD8890076B482 /* LLPillPageControl.swift */,
				3F8A78481DEBD8890076B482 /* LLSnakePageControl.swift */,
				3F4F4C211FBECD3900675D92 /* LLImagePageControl.swift */,
			);
			path = LLCycleScrollView;
			sourceTree = "<group>";
		};
		F12B1532C1600BAC2D195750 /* Pods */ = {
			isa = PBXGroup;
			children = (
				ABACABAC0CB22999D0823E66 /* Pods-LLCycleScrollView.debug.xcconfig */,
				085005A18ED5CF81F14F7B79 /* Pods-LLCycleScrollView.release.xcconfig */,
			);
			name = Pods;
			sourceTree = "<group>";
		};
/* End PBXGroup section */

/* Begin PBXNativeTarget section */
		3F56C0E51DE4404600904CF8 /* LLCycleScrollView */ = {
			isa = PBXNativeTarget;
			buildConfigurationList = 3F56C0F81DE4404600904CF8 /* Build configuration list for PBXNativeTarget "LLCycleScrollView" */;
			buildPhases = (
				2B672F0DDBB983D014E43D3B /* [CP] Check Pods Manifest.lock */,
				3F56C0E21DE4404600904CF8 /* Sources */,
				3F56C0E31DE4404600904CF8 /* Frameworks */,
				3F56C0E41DE4404600904CF8 /* Resources */,
				89A069E096BD211A67900271 /* [CP] Embed Pods Frameworks */,
			);
			buildRules = (
			);
			dependencies = (
			);
			name = LLCycleScrollView;
			productName = LLCycleScrollView;
			productReference = 3F56C0E61DE4404600904CF8 /* LLCycleScrollView.app */;
			productType = "com.apple.product-type.application";
		};
/* End PBXNativeTarget section */

/* Begin PBXProject section */
		3F56C0DE1DE4404500904CF8 /* Project object */ = {
			isa = PBXProject;
			attributes = {
				LastSwiftUpdateCheck = 0810;
				LastUpgradeCheck = 1000;
				ORGANIZATIONNAME = LvJianfeng;
				TargetAttributes = {
					3F56C0E51DE4404600904CF8 = {
						CreatedOnToolsVersion = 8.1;
						DevelopmentTeam = MUV9FJ5TL8;
						LastSwiftMigration = 1000;
						ProvisioningStyle = Automatic;
					};
				};
			};
			buildConfigurationList = 3F56C0E11DE4404500904CF8 /* Build configuration list for PBXProject "LLCycleScrollView" */;
			compatibilityVersion = "Xcode 3.2";
			developmentRegion = English;
			hasScannedForEncodings = 0;
			knownRegions = (
				en,
				Base,
			);
			mainGroup = 3F56C0DD1DE4404500904CF8;
			productRefGroup = 3F56C0E71DE4404600904CF8 /* Products */;
			projectDirPath = "";
			projectRoot = "";
			targets = (
				3F56C0E51DE4404600904CF8 /* LLCycleScrollView */,
			);
		};
/* End PBXProject section */

/* Begin PBXResourcesBuildPhase section */
		3F56C0E41DE4404600904CF8 /* Resources */ = {
			isa = PBXResourcesBuildPhase;
			buildActionMask = 2147483647;
			files = (
				3F4F324F1DF00D8300BD01CA /* s3.jpg in Resources */,
				3F56C0F41DE4404600904CF8 /* LaunchScreen.storyboard in Resources */,
				3F56C0F11DE4404600904CF8 /* Assets.xcassets in Resources */,
				3FAA674E1DE568F7005DE6BE /* LLCycleScrollView.bundle in Resources */,
				3F56C0EF1DE4404600904CF8 /* Main.storyboard in Resources */,
			);
			runOnlyForDeploymentPostprocessing = 0;
		};
/* End PBXResourcesBuildPhase section */

/* Begin PBXShellScriptBuildPhase section */
		2B672F0DDBB983D014E43D3B /* [CP] Check Pods Manifest.lock */ = {
			isa = PBXShellScriptBuildPhase;
			buildActionMask = 2147483647;
			files = (
			);
			inputPaths = (
				"${PODS_PODFILE_DIR_PATH}/Podfile.lock",
				"${PODS_ROOT}/Manifest.lock",
			);
			name = "[CP] Check Pods Manifest.lock";
			outputPaths = (
				"$(DERIVED_FILE_DIR)/Pods-LLCycleScrollView-checkManifestLockResult.txt",
			);
			runOnlyForDeploymentPostprocessing = 0;
			shellPath = /bin/sh;
			shellScript = "diff \"${PODS_PODFILE_DIR_PATH}/Podfile.lock\" \"${PODS_ROOT}/Manifest.lock\" > /dev/null\nif [ $? != 0 ] ; then\n    # print error to STDERR\n    echo \"error: The sandbox is not in sync with the Podfile.lock. Run 'pod install' or update your CocoaPods installation.\" >&2\n    exit 1\nfi\n# This output is used by Xcode 'outputs' to avoid re-running this script phase.\necho \"SUCCESS\" > \"${SCRIPT_OUTPUT_FILE_0}\"\n";
			showEnvVarsInLog = 0;
		};
		89A069E096BD211A67900271 /* [CP] Embed Pods Frameworks */ = {
			isa = PBXShellScriptBuildPhase;
			buildActionMask = 2147483647;
			files = (
			);
			inputPaths = (
				"${SRCROOT}/Pods/Target Support Files/Pods-LLCycleScrollView/Pods-LLCycleScrollView-frameworks.sh",
				"${BUILT_PRODUCTS_DIR}/Kingfisher/Kingfisher.framework",
			);
			name = "[CP] Embed Pods Frameworks";
			outputPaths = (
				"${TARGET_BUILD_DIR}/${FRAMEWORKS_FOLDER_PATH}/Kingfisher.framework",
			);
			runOnlyForDeploymentPostprocessing = 0;
			shellPath = /bin/sh;
			shellScript = "\"${SRCROOT}/Pods/Target Support Files/Pods-LLCycleScrollView/Pods-LLCycleScrollView-frameworks.sh\"\n";
			showEnvVarsInLog = 0;
		};
/* End PBXShellScriptBuildPhase section */

/* Begin PBXSourcesBuildPhase section */
		3F56C0E21DE4404600904CF8 /* Sources */ = {
			isa = PBXSourcesBuildPhase;
			buildActionMask = 2147483647;
			files = (
				3F8A784A1DEBD8890076B482 /* LLPillPageControl.swift in Sources */,
				3F56C0EC1DE4404600904CF8 /* ViewController.swift in Sources */,
				3F56C0EA1DE4404600904CF8 /* AppDelegate.swift in Sources */,
				3F3551162042ADB200DDBAD5 /* TableViewController.swift in Sources */,
				3F8A784B1DEBD8890076B482 /* LLSnakePageControl.swift in Sources */,
				3F4F4C221FBECD3900675D92 /* LLImagePageControl.swift in Sources */,
				3F8A78491DEBD8890076B482 /* LLFilledPageControl.swift in Sources */,
				3F56C10C1DE4428900904CF8 /* LLCycleScrollView.swift in Sources */,
				3F56C10E1DE44F1800904CF8 /* LLCycleScrollViewCell.swift in Sources */,
				3F56C10A1DE4418900904CF8 /* LLViewExtensions.swift in Sources */,
			);
			runOnlyForDeploymentPostprocessing = 0;
		};
/* End PBXSourcesBuildPhase section */

/* Begin PBXVariantGroup section */
		3F56C0ED1DE4404600904CF8 /* Main.storyboard */ = {
			isa = PBXVariantGroup;
			children = (
				3F56C0EE1DE4404600904CF8 /* Base */,
			);
			name = Main.storyboard;
			sourceTree = "<group>";
		};
		3F56C0F21DE4404600904CF8 /* LaunchScreen.storyboard */ = {
			isa = PBXVariantGroup;
			children = (
				3F56C0F31DE4404600904CF8 /* Base */,
			);
			name = LaunchScreen.storyboard;
			sourceTree = "<group>";
		};
/* End PBXVariantGroup section */

/* Begin XCBuildConfiguration section */
		3F56C0F61DE4404600904CF8 /* Debug */ = {
			isa = XCBuildConfiguration;
			buildSettings = {
				ALWAYS_SEARCH_USER_PATHS = NO;
				CLANG_ANALYZER_NONNULL = YES;
				CLANG_CXX_LANGUAGE_STANDARD = "gnu++0x";
				CLANG_CXX_LIBRARY = "libc++";
				CLANG_ENABLE_MODULES = YES;
				CLANG_ENABLE_OBJC_ARC = YES;
				CLANG_WARN_BLOCK_CAPTURE_AUTORELEASING = YES;
				CLANG_WARN_BOOL_CONVERSION = YES;
				CLANG_WARN_COMMA = YES;
				CLANG_WARN_CONSTANT_CONVERSION = YES;
				CLANG_WARN_DEPRECATED_OBJC_IMPLEMENTATIONS = YES;
				CLANG_WARN_DIRECT_OBJC_ISA_USAGE = YES_ERROR;
				CLANG_WARN_DOCUMENTATION_COMMENTS = YES;
				CLANG_WARN_EMPTY_BODY = YES;
				CLANG_WARN_ENUM_CONVERSION = YES;
				CLANG_WARN_INFINITE_RECURSION = YES;
				CLANG_WARN_INT_CONVERSION = YES;
				CLANG_WARN_NON_LITERAL_NULL_CONVERSION = YES;
				CLANG_WARN_OBJC_IMPLICIT_RETAIN_SELF = YES;
				CLANG_WARN_OBJC_LITERAL_CONVERSION = YES;
				CLANG_WARN_OBJC_ROOT_CLASS = YES_ERROR;
				CLANG_WARN_RANGE_LOOP_ANALYSIS = YES;
				CLANG_WARN_STRICT_PROTOTYPES = YES;
				CLANG_WARN_SUSPICIOUS_MOVE = YES;
				CLANG_WARN_SUSPICIOUS_MOVES = YES;
				CLANG_WARN_UNREACHABLE_CODE = YES;
				CLANG_WARN__DUPLICATE_METHOD_MATCH = YES;
				"CODE_SIGN_IDENTITY[sdk=iphoneos*]" = "iPhone Developer";
				COPY_PHASE_STRIP = NO;
				DEBUG_INFORMATION_FORMAT = dwarf;
				ENABLE_STRICT_OBJC_MSGSEND = YES;
				ENABLE_TESTABILITY = YES;
				GCC_C_LANGUAGE_STANDARD = gnu99;
				GCC_DYNAMIC_NO_PIC = NO;
				GCC_NO_COMMON_BLOCKS = YES;
				GCC_OPTIMIZATION_LEVEL = 0;
				GCC_PREPROCESSOR_DEFINITIONS = (
					"DEBUG=1",
					"$(inherited)",
				);
				GCC_WARN_64_TO_32_BIT_CONVERSION = YES;
				GCC_WARN_ABOUT_RETURN_TYPE = YES_ERROR;
				GCC_WARN_UNDECLARED_SELECTOR = YES;
				GCC_WARN_UNINITIALIZED_AUTOS = YES_AGGRESSIVE;
				GCC_WARN_UNUSED_FUNCTION = YES;
				GCC_WARN_UNUSED_VARIABLE = YES;
				IPHONEOS_DEPLOYMENT_TARGET = 10.1;
				MTL_ENABLE_DEBUG_INFO = YES;
				ONLY_ACTIVE_ARCH = YES;
				SDKROOT = iphoneos;
				SWIFT_ACTIVE_COMPILATION_CONDITIONS = DEBUG;
				SWIFT_OPTIMIZATION_LEVEL = "-Onone";
			};
			name = Debug;
		};
		3F56C0F71DE4404600904CF8 /* Release */ = {
			isa = XCBuildConfiguration;
			buildSettings = {
				ALWAYS_SEARCH_USER_PATHS = NO;
				CLANG_ANALYZER_NONNULL = YES;
				CLANG_CXX_LANGUAGE_STANDARD = "gnu++0x";
				CLANG_CXX_LIBRARY = "libc++";
				CLANG_ENABLE_MODULES = YES;
				CLANG_ENABLE_OBJC_ARC = YES;
				CLANG_WARN_BLOCK_CAPTURE_AUTORELEASING = YES;
				CLANG_WARN_BOOL_CONVERSION = YES;
				CLANG_WARN_COMMA = YES;
				CLANG_WARN_CONSTANT_CONVERSION = YES;
				CLANG_WARN_DEPRECATED_OBJC_IMPLEMENTATIONS = YES;
				CLANG_WARN_DIRECT_OBJC_ISA_USAGE = YES_ERROR;
				CLANG_WARN_DOCUMENTATION_COMMENTS = YES;
				CLANG_WARN_EMPTY_BODY = YES;
				CLANG_WARN_ENUM_CONVERSION = YES;
				CLANG_WARN_INFINITE_RECURSION = YES;
				CLANG_WARN_INT_CONVERSION = YES;
				CLANG_WARN_NON_LITERAL_NULL_CONVERSION = YES;
				CLANG_WARN_OBJC_IMPLICIT_RETAIN_SELF = YES;
				CLANG_WARN_OBJC_LITERAL_CONVERSION = YES;
				CLANG_WARN_OBJC_ROOT_CLASS = YES_ERROR;
				CLANG_WARN_RANGE_LOOP_ANALYSIS = YES;
				CLANG_WARN_STRICT_PROTOTYPES = YES;
				CLANG_WARN_SUSPICIOUS_MOVE = YES;
				CLANG_WARN_SUSPICIOUS_MOVES = YES;
				CLANG_WARN_UNREACHABLE_CODE = YES;
				CLANG_WARN__DUPLICATE_METHOD_MATCH = YES;
				"CODE_SIGN_IDENTITY[sdk=iphoneos*]" = "iPhone Developer";
				COPY_PHASE_STRIP = NO;
				DEBUG_INFORMATION_FORMAT = "dwarf-with-dsym";
				ENABLE_NS_ASSERTIONS = NO;
				ENABLE_STRICT_OBJC_MSGSEND = YES;
				GCC_C_LANGUAGE_STANDARD = gnu99;
				GCC_NO_COMMON_BLOCKS = YES;
				GCC_WARN_64_TO_32_BIT_CONVERSION = YES;
				GCC_WARN_ABOUT_RETURN_TYPE = YES_ERROR;
				GCC_WARN_UNDECLARED_SELECTOR = YES;
				GCC_WARN_UNINITIALIZED_AUTOS = YES_AGGRESSIVE;
				GCC_WARN_UNUSED_FUNCTION = YES;
				GCC_WARN_UNUSED_VARIABLE = YES;
				IPHONEOS_DEPLOYMENT_TARGET = 10.1;
				MTL_ENABLE_DEBUG_INFO = NO;
				SDKROOT = iphoneos;
				SWIFT_OPTIMIZATION_LEVEL = "-Owholemodule";
				VALIDATE_PRODUCT = YES;
			};
			name = Release;
		};
		3F56C0F91DE4404600904CF8 /* Debug */ = {
			isa = XCBuildConfiguration;
			baseConfigurationReference = ABACABAC0CB22999D0823E66 /* Pods-LLCycleScrollView.debug.xcconfig */;
			buildSettings = {
				ASSETCATALOG_COMPILER_APPICON_NAME = AppIcon;
				DEVELOPMENT_TEAM = MUV9FJ5TL8;
				INFOPLIST_FILE = LLCycleScrollView/Info.plist;
				IPHONEOS_DEPLOYMENT_TARGET = 8.0;
				LD_RUNPATH_SEARCH_PATHS = "$(inherited) @executable_path/Frameworks";
				PRODUCT_BUNDLE_IDENTIFIER = com.LvJianfeng.LLCycleScrollView01;
				PRODUCT_NAME = "$(TARGET_NAME)";
				SWIFT_VERSION = 4.2;
			};
			name = Debug;
		};
		3F56C0FA1DE4404600904CF8 /* Release */ = {
			isa = XCBuildConfiguration;
			baseConfigurationReference = 085005A18ED5CF81F14F7B79 /* Pods-LLCycleScrollView.release.xcconfig */;
			buildSettings = {
				ASSETCATALOG_COMPILER_APPICON_NAME = AppIcon;
				DEVELOPMENT_TEAM = MUV9FJ5TL8;
				INFOPLIST_FILE = LLCycleScrollView/Info.plist;
				IPHONEOS_DEPLOYMENT_TARGET = 8.0;
				LD_RUNPATH_SEARCH_PATHS = "$(inherited) @executable_path/Frameworks";
				PRODUCT_BUNDLE_IDENTIFIER = com.LvJianfeng.LLCycleScrollView01;
				PRODUCT_NAME = "$(TARGET_NAME)";
				SWIFT_VERSION = 4.2;
			};
			name = Release;
		};
/* End XCBuildConfiguration section */

/* Begin XCConfigurationList section */
		3F56C0E11DE4404500904CF8 /* Build configuration list for PBXProject "LLCycleScrollView" */ = {
			isa = XCConfigurationList;
			buildConfigurations = (
				3F56C0F61DE4404600904CF8 /* Debug */,
				3F56C0F71DE4404600904CF8 /* Release */,
			);
			defaultConfigurationIsVisible = 0;
			defaultConfigurationName = Release;
		};
		3F56C0F81DE4404600904CF8 /* Build configuration list for PBXNativeTarget "LLCycleScrollView" */ = {
			isa = XCConfigurationList;
			buildConfigurations = (
				3F56C0F91DE4404600904CF8 /* Debug */,
				3F56C0FA1DE4404600904CF8 /* Release */,
			);
			defaultConfigurationIsVisible = 0;
			defaultConfigurationName = Release;
		};
/* End XCConfigurationList section */
	};
	rootObject = 3F56C0DE1DE4404500904CF8 /* Project object */;
}
